{
  "name": "codefill-javascript-preprocessing",
  "version": "0.0.1",
  "lockfileVersion": 2,
  "requires": true,
  "packages": {
    "": {
      "name": "codefill-javascript-preprocessing",
      "version": "0.0.1",
      "license": "UNLICENCED",
      "dependencies": {
        "js-tokens": "^8.0.0"
      }
    },
    "node_modules/js-tokens": {
      "version": "8.0.0",
      "resolved": "https://registry.npmjs.org/js-tokens/-/js-tokens-8.0.0.tgz",
      "integrity": "sha512-PC7MzqInq9OqKyTXfIvQNcjMkODJYC8A17kAaQgeW79yfhqTWSOfjHYQ2mDDcwJ96Iibtwkfh0C7R/OvqPlgVA=="
    }
  },
  "dependencies": {
    "js-tokens": {
      "version": "8.0.0",
      "resolved": "https://registry.npmjs.org/js-tokens/-/js-tokens-8.0.0.tgz",
      "integrity": "sha512-PC7MzqInq9OqKyTXfIvQNcjMkODJYC8A17kAaQgeW79yfhqTWSOfjHYQ2mDDcwJ96Iibtwkfh0C7R/OvqPlgVA=="
    }
  }
}
